
Microsoft Visual Studio Solution File, Format Version 12.00
# Visual Studio Version 16
VisualStudioVersion = 16.0.29519.181
MinimumVisualStudioVersion = 10.0.40219.1
Project("{FAE04EC0-301F-11D3-BF4B-00C04F79EFBC}") = "TrippyGL", "TrippyGL\TrippyGL.csproj", "{36D837C1-8AC1-4A80-8124-5904B67E9552}"
EndProject
Project("{FAE04EC0-301F-11D3-BF4B-00C04F79EFBC}") = "TrippyTesting", "TrippyTesting\TrippyTesting.csproj", "{856112F6-EA43-477E-8362-5A7618A12892}"
EndProject
Global
	GlobalSection(SolutionConfigurationPlatforms) = preSolution
		Debug|Any CPU = Debug|Any CPU
		Release|Any CPU = Release|Any CPU
	EndGlobalSection
	GlobalSection(ProjectConfigurationPlatforms) = postSolution
		{36D837C1-8AC1-4A80-8124-5904B67E9552}.Debug|Any CPU.ActiveCfg = Debug|Any CPU
		{36D837C1-8AC1-4A80-8124-5904B67E9552}.Debug|Any CPU.Build.0 = Debug|Any CPU
		{36D837C1-8AC1-4A80-8124-5904B67E9552}.Release|Any CPU.ActiveCfg = Release|Any CPU
		{36D837C1-8AC1-4A80-8124-5904B67E9552}.Release|Any CPU.Build.0 = Release|Any CPU
		{856112F6-EA43-477E-8362-5A7618A12892}.Debug|Any CPU.ActiveCfg = Debug|Any CPU
		{856112F6-EA43-477E-8362-5A7618A12892}.Debug|Any CPU.Build.0 = Debug|Any CPU
		{856112F6-EA43-477E-8362-5A7618A12892}.Release|Any CPU.ActiveCfg = Release|Any CPU
		{856112F6-EA43-477E-8362-5A7618A12892}.Release|Any CPU.Build.0 = Release|Any CPU
	EndGlobalSection
	GlobalSection(SolutionProperties) = preSolution
		HideSolutionNode = FALSE
	EndGlobalSection
	GlobalSection(ExtensibilityGlobals) = postSolution
		SolutionGuid = {0356D8CB-6A5E-4946-B317-0A10C463083B}
	EndGlobalSection
EndGlobal
