
Microsoft Visual Studio Solution File, Format Version 12.00
# Visual Studio Version 16
VisualStudioVersion = 16.0.29519.181
MinimumVisualStudioVersion = 10.0.40219.1
Project("{2150E333-8FDC-42A3-9474-1A3956D46DE8}") = "Solution Items", "Solution Items", "{AA56FE6D-2860-410F-8CE7-F29DE9958238}"
	ProjectSection(SolutionItems) = preProject
		.editorconfig = .editorconfig
	EndProjectSection
EndProject
Project("{9A19103F-16F7-4668-BE54-9A1E7A4F7556}") = "TrippyGL", "TrippyGL\TrippyGL.csproj", "{6B15A097-205A-494C-98E0-4DC76B5F06EC}"
EndProject
Project("{9A19103F-16F7-4668-BE54-9A1E7A4F7556}") = "TrippyTesting", "TrippyTesting\TrippyTesting.csproj", "{71153C4F-A39D-4343-94C8-133919651BD2}"
EndProject
Project("{9A19103F-16F7-4668-BE54-9A1E7A4F7556}") = "TrippyGL.ImageSharp", "TrippyGL.ImageSharp\TrippyGL.ImageSharp.csproj", "{48A784FE-E1B9-4CAF-8F89-03DCAACAD5D3}"
EndProject
Project("{2150E333-8FDC-42A3-9474-1A3956D46DE8}") = "TrippyTests", "TrippyTests", "{F9AEFFD4-B720-4439-882A-E1C3845585AB}"
EndProject
Project("{9A19103F-16F7-4668-BE54-9A1E7A4F7556}") = "SimpleTriangle", "TrippyTests\SimpleTriangle\SimpleTriangle.csproj", "{1B9A6D5A-1CC3-46EE-B650-EAA13D26E927}"
EndProject
Project("{9A19103F-16F7-4668-BE54-9A1E7A4F7556}") = "SimpleCube", "TrippyTests\SimpleCube\SimpleCube.csproj", "{F1943250-DBCA-44A8-B937-2BF36251DE93}"
EndProject
Project("{9A19103F-16F7-4668-BE54-9A1E7A4F7556}") = "SimpleCubemap", "TrippyTests\SimpleCubemap\SimpleCubemap.csproj", "{CF06B88F-F3E3-4FA9-84B7-CDF929AD03AF}"
EndProject
Global
	GlobalSection(SolutionConfigurationPlatforms) = preSolution
		Debug|Any CPU = Debug|Any CPU
		Release|Any CPU = Release|Any CPU
	EndGlobalSection
	GlobalSection(ProjectConfigurationPlatforms) = postSolution
		{6B15A097-205A-494C-98E0-4DC76B5F06EC}.Debug|Any CPU.ActiveCfg = Debug|Any CPU
		{6B15A097-205A-494C-98E0-4DC76B5F06EC}.Debug|Any CPU.Build.0 = Debug|Any CPU
		{6B15A097-205A-494C-98E0-4DC76B5F06EC}.Release|Any CPU.ActiveCfg = Release|Any CPU
		{6B15A097-205A-494C-98E0-4DC76B5F06EC}.Release|Any CPU.Build.0 = Release|Any CPU
		{71153C4F-A39D-4343-94C8-133919651BD2}.Debug|Any CPU.ActiveCfg = Debug|Any CPU
		{71153C4F-A39D-4343-94C8-133919651BD2}.Debug|Any CPU.Build.0 = Debug|Any CPU
		{71153C4F-A39D-4343-94C8-133919651BD2}.Release|Any CPU.ActiveCfg = Release|Any CPU
		{71153C4F-A39D-4343-94C8-133919651BD2}.Release|Any CPU.Build.0 = Release|Any CPU
		{48A784FE-E1B9-4CAF-8F89-03DCAACAD5D3}.Debug|Any CPU.ActiveCfg = Debug|Any CPU
		{48A784FE-E1B9-4CAF-8F89-03DCAACAD5D3}.Debug|Any CPU.Build.0 = Debug|Any CPU
		{48A784FE-E1B9-4CAF-8F89-03DCAACAD5D3}.Release|Any CPU.ActiveCfg = Release|Any CPU
		{48A784FE-E1B9-4CAF-8F89-03DCAACAD5D3}.Release|Any CPU.Build.0 = Release|Any CPU
		{1B9A6D5A-1CC3-46EE-B650-EAA13D26E927}.Debug|Any CPU.ActiveCfg = Debug|Any CPU
		{1B9A6D5A-1CC3-46EE-B650-EAA13D26E927}.Debug|Any CPU.Build.0 = Debug|Any CPU
		{1B9A6D5A-1CC3-46EE-B650-EAA13D26E927}.Release|Any CPU.ActiveCfg = Release|Any CPU
		{1B9A6D5A-1CC3-46EE-B650-EAA13D26E927}.Release|Any CPU.Build.0 = Release|Any CPU
		{F1943250-DBCA-44A8-B937-2BF36251DE93}.Debug|Any CPU.ActiveCfg = Debug|Any CPU
		{F1943250-DBCA-44A8-B937-2BF36251DE93}.Debug|Any CPU.Build.0 = Debug|Any CPU
		{F1943250-DBCA-44A8-B937-2BF36251DE93}.Release|Any CPU.ActiveCfg = Release|Any CPU
		{F1943250-DBCA-44A8-B937-2BF36251DE93}.Release|Any CPU.Build.0 = Release|Any CPU
		{CF06B88F-F3E3-4FA9-84B7-CDF929AD03AF}.Debug|Any CPU.ActiveCfg = Debug|Any CPU
		{CF06B88F-F3E3-4FA9-84B7-CDF929AD03AF}.Debug|Any CPU.Build.0 = Debug|Any CPU
		{CF06B88F-F3E3-4FA9-84B7-CDF929AD03AF}.Release|Any CPU.ActiveCfg = Release|Any CPU
		{CF06B88F-F3E3-4FA9-84B7-CDF929AD03AF}.Release|Any CPU.Build.0 = Release|Any CPU
	EndGlobalSection
	GlobalSection(SolutionProperties) = preSolution
		HideSolutionNode = FALSE
	EndGlobalSection
	GlobalSection(NestedProjects) = preSolution
		{1B9A6D5A-1CC3-46EE-B650-EAA13D26E927} = {F9AEFFD4-B720-4439-882A-E1C3845585AB}
		{F1943250-DBCA-44A8-B937-2BF36251DE93} = {F9AEFFD4-B720-4439-882A-E1C3845585AB}
		{CF06B88F-F3E3-4FA9-84B7-CDF929AD03AF} = {F9AEFFD4-B720-4439-882A-E1C3845585AB}
	EndGlobalSection
	GlobalSection(ExtensibilityGlobals) = postSolution
		SolutionGuid = {0356D8CB-6A5E-4946-B317-0A10C463083B}
	EndGlobalSection
EndGlobal
